// !$*UTF8*$!
{
	archiveVersion = 1;
	classes = {
	};
	objectVersion = 55;
	objects = {

/* Begin PBXBuildFile section */
		594992E92822478D00E8F3A4 /* TabBarController.swift in Sources */ = {isa = PBXBuildFile; fileRef = 594992E82822478D00E8F3A4 /* TabBarController.swift */; };
		594992ED2822486700E8F3A4 /* LikedPhotoBuilder.swift in Sources */ = {isa = PBXBuildFile; fileRef = 594992EC2822486700E8F3A4 /* LikedPhotoBuilder.swift */; };
		594992F3282248E000E8F3A4 /* LikedPhotoViewController.swift in Sources */ = {isa = PBXBuildFile; fileRef = 594992F2282248E000E8F3A4 /* LikedPhotoViewController.swift */; };
		594992F72822493E00E8F3A4 /* SearchPhotoViewController.swift in Sources */ = {isa = PBXBuildFile; fileRef = 594992F62822493E00E8F3A4 /* SearchPhotoViewController.swift */; };
		594992F92822496F00E8F3A4 /* SearchPhotoBuilder.swift in Sources */ = {isa = PBXBuildFile; fileRef = 594992F82822496F00E8F3A4 /* SearchPhotoBuilder.swift */; };
		59B4044C282241FC00A3262E /* AppDelegate.swift in Sources */ = {isa = PBXBuildFile; fileRef = 59B4044B282241FC00A3262E /* AppDelegate.swift */; };
		59B4044E282241FC00A3262E /* SceneDelegate.swift in Sources */ = {isa = PBXBuildFile; fileRef = 59B4044D282241FC00A3262E /* SceneDelegate.swift */; };
		59B40455282241FD00A3262E /* Assets.xcassets in Resources */ = {isa = PBXBuildFile; fileRef = 59B40454282241FD00A3262E /* Assets.xcassets */; };
		59B40458282241FD00A3262E /* LaunchScreen.storyboard in Resources */ = {isa = PBXBuildFile; fileRef = 59B40456282241FD00A3262E /* LaunchScreen.storyboard */; };
/* End PBXBuildFile section */

/* Begin PBXFileReference section */
		594992E82822478D00E8F3A4 /* TabBarController.swift */ = {isa = PBXFileReference; lastKnownFileType = sourcecode.swift; path = TabBarController.swift; sourceTree = "<group>"; };
		594992EC2822486700E8F3A4 /* LikedPhotoBuilder.swift */ = {isa = PBXFileReference; lastKnownFileType = sourcecode.swift; path = LikedPhotoBuilder.swift; sourceTree = "<group>"; };
		594992F2282248E000E8F3A4 /* LikedPhotoViewController.swift */ = {isa = PBXFileReference; lastKnownFileType = sourcecode.swift; path = LikedPhotoViewController.swift; sourceTree = "<group>"; };
		594992F62822493E00E8F3A4 /* SearchPhotoViewController.swift */ = {isa = PBXFileReference; lastKnownFileType = sourcecode.swift; path = SearchPhotoViewController.swift; sourceTree = "<group>"; };
		594992F82822496F00E8F3A4 /* SearchPhotoBuilder.swift */ = {isa = PBXFileReference; lastKnownFileType = sourcecode.swift; path = SearchPhotoBuilder.swift; sourceTree = "<group>"; };
		59B40448282241FC00A3262E /* Unsplash_API.app */ = {isa = PBXFileReference; explicitFileType = wrapper.application; includeInIndex = 0; path = Unsplash_API.app; sourceTree = BUILT_PRODUCTS_DIR; };
		59B4044B282241FC00A3262E /* AppDelegate.swift */ = {isa = PBXFileReference; lastKnownFileType = sourcecode.swift; path = AppDelegate.swift; sourceTree = "<group>"; };
		59B4044D282241FC00A3262E /* SceneDelegate.swift */ = {isa = PBXFileReference; lastKnownFileType = sourcecode.swift; path = SceneDelegate.swift; sourceTree = "<group>"; };
		59B40454282241FD00A3262E /* Assets.xcassets */ = {isa = PBXFileReference; lastKnownFileType = folder.assetcatalog; path = Assets.xcassets; sourceTree = "<group>"; };
		59B40457282241FD00A3262E /* Base */ = {isa = PBXFileReference; lastKnownFileType = file.storyboard; name = Base; path = Base.lproj/LaunchScreen.storyboard; sourceTree = "<group>"; };
		59B40459282241FD00A3262E /* Info.plist */ = {isa = PBXFileReference; lastKnownFileType = text.plist.xml; path = Info.plist; sourceTree = "<group>"; };
/* End PBXFileReference section */

/* Begin PBXFrameworksBuildPhase section */
		59B40445282241FC00A3262E /* Frameworks */ = {
			isa = PBXFrameworksBuildPhase;
			buildActionMask = 2147483647;
			files = (
			);
			runOnlyForDeploymentPostprocessing = 0;
		};
/* End PBXFrameworksBuildPhase section */

/* Begin PBXGroup section */
		594992E72822476700E8F3A4 /* TabBarController */ = {
			isa = PBXGroup;
			children = (
				594992E82822478D00E8F3A4 /* TabBarController.swift */,
			);
			path = TabBarController;
			sourceTree = "<group>";
		};
		594992EA2822483300E8F3A4 /* LikedPhotoBuilder */ = {
			isa = PBXGroup;
			children = (
				594992EC2822486700E8F3A4 /* LikedPhotoBuilder.swift */,
			);
			path = LikedPhotoBuilder;
			sourceTree = "<group>";
		};
		594992EB2822484100E8F3A4 /* SearchPhotoBuilder */ = {
			isa = PBXGroup;
			children = (
				594992F82822496F00E8F3A4 /* SearchPhotoBuilder.swift */,
			);
			path = SearchPhotoBuilder;
			sourceTree = "<group>";
		};
		594992EE2822489100E8F3A4 /* LikedPhoto */ = {
			isa = PBXGroup;
			children = (
				594992F0282248C200E8F3A4 /* ViewController */,
			);
			path = LikedPhoto;
			sourceTree = "<group>";
		};
		594992EF2822489B00E8F3A4 /* SearchPhoto */ = {
			isa = PBXGroup;
			children = (
				594992F42822492500E8F3A4 /* ViewController */,
			);
			path = SearchPhoto;
			sourceTree = "<group>";
		};
		594992F0282248C200E8F3A4 /* ViewController */ = {
			isa = PBXGroup;
			children = (
				594992F1282248D100E8F3A4 /* View */,
				594992F2282248E000E8F3A4 /* LikedPhotoViewController.swift */,
			);
			path = ViewController;
			sourceTree = "<group>";
		};
		594992F1282248D100E8F3A4 /* View */ = {
			isa = PBXGroup;
			children = (
			);
			path = View;
			sourceTree = "<group>";
		};
		594992F42822492500E8F3A4 /* ViewController */ = {
			isa = PBXGroup;
			children = (
				594992F52822492F00E8F3A4 /* View */,
				594992F62822493E00E8F3A4 /* SearchPhotoViewController.swift */,
			);
			path = ViewController;
			sourceTree = "<group>";
		};
		594992F52822492F00E8F3A4 /* View */ = {
			isa = PBXGroup;
			children = (
			);
			path = View;
			sourceTree = "<group>";
		};
		59B4043F282241FC00A3262E = {
			isa = PBXGroup;
			children = (
				59B4044A282241FC00A3262E /* Unsplash_API */,
				59B40449282241FC00A3262E /* Products */,
			);
			sourceTree = "<group>";
		};
		59B40449282241FC00A3262E /* Products */ = {
			isa = PBXGroup;
			children = (
				59B40448282241FC00A3262E /* Unsplash_API.app */,
			);
			name = Products;
			sourceTree = "<group>";
		};
		59B4044A282241FC00A3262E /* Unsplash_API */ = {
			isa = PBXGroup;
			children = (
				59B4045F2822425D00A3262E /* App */,
				59B4044D282241FC00A3262E /* SceneDelegate.swift */,
				59B4044B282241FC00A3262E /* AppDelegate.swift */,
				59B40466282242A700A3262E /* Core */,
				59B404652822429D00A3262E /* Resources */,
				59B404642822428D00A3262E /* Environments */,
			);
			path = Unsplash_API;
			sourceTree = "<group>";
		};
		59B4045F2822425D00A3262E /* App */ = {
			isa = PBXGroup;
			children = (
				59B404632822427B00A3262E /* BusinessLogic */,
				59B404622822427400A3262E /* Entity */,
				59B404612822426A00A3262E /* Assembly */,
				59B404602822426300A3262E /* Flows */,
			);
			path = App;
			sourceTree = "<group>";
		};
		59B404602822426300A3262E /* Flows */ = {
			isa = PBXGroup;
			children = (
				594992EF2822489B00E8F3A4 /* SearchPhoto */,
				594992EE2822489100E8F3A4 /* LikedPhoto */,
				594992E72822476700E8F3A4 /* TabBarController */,
			);
			path = Flows;
			sourceTree = "<group>";
		};
		59B404612822426A00A3262E /* Assembly */ = {
			isa = PBXGroup;
			children = (
				594992EB2822484100E8F3A4 /* SearchPhotoBuilder */,
				594992EA2822483300E8F3A4 /* LikedPhotoBuilder */,
			);
			path = Assembly;
			sourceTree = "<group>";
		};
		59B404622822427400A3262E /* Entity */ = {
			isa = PBXGroup;
			children = (
			);
			path = Entity;
			sourceTree = "<group>";
		};
		59B404632822427B00A3262E /* BusinessLogic */ = {
			isa = PBXGroup;
			children = (
			);
			path = BusinessLogic;
			sourceTree = "<group>";
		};
		59B404642822428D00A3262E /* Environments */ = {
			isa = PBXGroup;
			children = (
				59B40459282241FD00A3262E /* Info.plist */,
			);
			path = Environments;
			sourceTree = "<group>";
		};
		59B404652822429D00A3262E /* Resources */ = {
			isa = PBXGroup;
			children = (
				59B40456282241FD00A3262E /* LaunchScreen.storyboard */,
				59B40454282241FD00A3262E /* Assets.xcassets */,
			);
			path = Resources;
			sourceTree = "<group>";
		};
		59B40466282242A700A3262E /* Core */ = {
			isa = PBXGroup;
			children = (
			);
			path = Core;
			sourceTree = "<group>";
		};
/* End PBXGroup section */

/* Begin PBXNativeTarget section */
		59B40447282241FC00A3262E /* Unsplash_API */ = {
			isa = PBXNativeTarget;
			buildConfigurationList = 59B4045C282241FD00A3262E /* Build configuration list for PBXNativeTarget "Unsplash_API" */;
			buildPhases = (
				59B40444282241FC00A3262E /* Sources */,
				59B40445282241FC00A3262E /* Frameworks */,
				59B40446282241FC00A3262E /* Resources */,
			);
			buildRules = (
			);
			dependencies = (
			);
			name = Unsplash_API;
			productName = Unsplash_API;
			productReference = 59B40448282241FC00A3262E /* Unsplash_API.app */;
			productType = "com.apple.product-type.application";
		};
/* End PBXNativeTarget section */

/* Begin PBXProject section */
		59B40440282241FC00A3262E /* Project object */ = {
			isa = PBXProject;
			attributes = {
				BuildIndependentTargetsInParallel = 1;
				LastSwiftUpdateCheck = 1330;
				LastUpgradeCheck = 1330;
				TargetAttributes = {
					59B40447282241FC00A3262E = {
						CreatedOnToolsVersion = 13.3.1;
					};
				};
			};
			buildConfigurationList = 59B40443282241FC00A3262E /* Build configuration list for PBXProject "Unsplash_API" */;
			compatibilityVersion = "Xcode 13.0";
			developmentRegion = en;
			hasScannedForEncodings = 0;
			knownRegions = (
				en,
				Base,
			);
			mainGroup = 59B4043F282241FC00A3262E;
			productRefGroup = 59B40449282241FC00A3262E /* Products */;
			projectDirPath = "";
			projectRoot = "";
			targets = (
				59B40447282241FC00A3262E /* Unsplash_API */,
			);
		};
/* End PBXProject section */

/* Begin PBXResourcesBuildPhase section */
		59B40446282241FC00A3262E /* Resources */ = {
			isa = PBXResourcesBuildPhase;
			buildActionMask = 2147483647;
			files = (
				59B40458282241FD00A3262E /* LaunchScreen.storyboard in Resources */,
				59B40455282241FD00A3262E /* Assets.xcassets in Resources */,
			);
			runOnlyForDeploymentPostprocessing = 0;
		};
/* End PBXResourcesBuildPhase section */

/* Begin PBXSourcesBuildPhase section */
		59B40444282241FC00A3262E /* Sources */ = {
			isa = PBXSourcesBuildPhase;
			buildActionMask = 2147483647;
			files = (
				594992ED2822486700E8F3A4 /* LikedPhotoBuilder.swift in Sources */,
				594992F92822496F00E8F3A4 /* SearchPhotoBuilder.swift in Sources */,
				594992F72822493E00E8F3A4 /* SearchPhotoViewController.swift in Sources */,
				594992E92822478D00E8F3A4 /* TabBarController.swift in Sources */,
				594992F3282248E000E8F3A4 /* LikedPhotoViewController.swift in Sources */,
				59B4044C282241FC00A3262E /* AppDelegate.swift in Sources */,
				59B4044E282241FC00A3262E /* SceneDelegate.swift in Sources */,
			);
			runOnlyForDeploymentPostprocessing = 0;
		};
/* End PBXSourcesBuildPhase section */

/* Begin PBXVariantGroup section */
		59B40456282241FD00A3262E /* LaunchScreen.storyboard */ = {
			isa = PBXVariantGroup;
			children = (
				59B40457282241FD00A3262E /* Base */,
			);
			name = LaunchScreen.storyboard;
			sourceTree = "<group>";
		};
/* End PBXVariantGroup section */

/* Begin XCBuildConfiguration section */
		59B4045A282241FD00A3262E /* Debug */ = {
			isa = XCBuildConfiguration;
			buildSettings = {
				ALWAYS_SEARCH_USER_PATHS = NO;
				CLANG_ANALYZER_NONNULL = YES;
				CLANG_ANALYZER_NUMBER_OBJECT_CONVERSION = YES_AGGRESSIVE;
				CLANG_CXX_LANGUAGE_STANDARD = "gnu++17";
				CLANG_ENABLE_MODULES = YES;
				CLANG_ENABLE_OBJC_ARC = YES;
				CLANG_ENABLE_OBJC_WEAK = YES;
				CLANG_WARN_BLOCK_CAPTURE_AUTORELEASING = YES;
				CLANG_WARN_BOOL_CONVERSION = YES;
				CLANG_WARN_COMMA = YES;
				CLANG_WARN_CONSTANT_CONVERSION = YES;
				CLANG_WARN_DEPRECATED_OBJC_IMPLEMENTATIONS = YES;
				CLANG_WARN_DIRECT_OBJC_ISA_USAGE = YES_ERROR;
				CLANG_WARN_DOCUMENTATION_COMMENTS = YES;
				CLANG_WARN_EMPTY_BODY = YES;
				CLANG_WARN_ENUM_CONVERSION = YES;
				CLANG_WARN_INFINITE_RECURSION = YES;
				CLANG_WARN_INT_CONVERSION = YES;
				CLANG_WARN_NON_LITERAL_NULL_CONVERSION = YES;
				CLANG_WARN_OBJC_IMPLICIT_RETAIN_SELF = YES;
				CLANG_WARN_OBJC_LITERAL_CONVERSION = YES;
				CLANG_WARN_OBJC_ROOT_CLASS = YES_ERROR;
				CLANG_WARN_QUOTED_INCLUDE_IN_FRAMEWORK_HEADER = YES;
				CLANG_WARN_RANGE_LOOP_ANALYSIS = YES;
				CLANG_WARN_STRICT_PROTOTYPES = YES;
				CLANG_WARN_SUSPICIOUS_MOVE = YES;
				CLANG_WARN_UNGUARDED_AVAILABILITY = YES_AGGRESSIVE;
				CLANG_WARN_UNREACHABLE_CODE = YES;
				CLANG_WARN__DUPLICATE_METHOD_MATCH = YES;
				COPY_PHASE_STRIP = NO;
				DEBUG_INFORMATION_FORMAT = dwarf;
				ENABLE_STRICT_OBJC_MSGSEND = YES;
				ENABLE_TESTABILITY = YES;
				GCC_C_LANGUAGE_STANDARD = gnu11;
				GCC_DYNAMIC_NO_PIC = NO;
				GCC_NO_COMMON_BLOCKS = YES;
				GCC_OPTIMIZATION_LEVEL = 0;
				GCC_PREPROCESSOR_DEFINITIONS = (
					"DEBUG=1",
					"$(inherited)",
				);
				GCC_WARN_64_TO_32_BIT_CONVERSION = YES;
				GCC_WARN_ABOUT_RETURN_TYPE = YES_ERROR;
				GCC_WARN_UNDECLARED_SELECTOR = YES;
				GCC_WARN_UNINITIALIZED_AUTOS = YES_AGGRESSIVE;
				GCC_WARN_UNUSED_FUNCTION = YES;
				GCC_WARN_UNUSED_VARIABLE = YES;
				IPHONEOS_DEPLOYMENT_TARGET = 15.4;
				MTL_ENABLE_DEBUG_INFO = INCLUDE_SOURCE;
				MTL_FAST_MATH = YES;
				ONLY_ACTIVE_ARCH = YES;
				SDKROOT = iphoneos;
				SWIFT_ACTIVE_COMPILATION_CONDITIONS = DEBUG;
				SWIFT_OPTIMIZATION_LEVEL = "-Onone";
			};
			name = Debug;
		};
		59B4045B282241FD00A3262E /* Release */ = {
			isa = XCBuildConfiguration;
			buildSettings = {
				ALWAYS_SEARCH_USER_PATHS = NO;
				CLANG_ANALYZER_NONNULL = YES;
				CLANG_ANALYZER_NUMBER_OBJECT_CONVERSION = YES_AGGRESSIVE;
				CLANG_CXX_LANGUAGE_STANDARD = "gnu++17";
				CLANG_ENABLE_MODULES = YES;
				CLANG_ENABLE_OBJC_ARC = YES;
				CLANG_ENABLE_OBJC_WEAK = YES;
				CLANG_WARN_BLOCK_CAPTURE_AUTORELEASING = YES;
				CLANG_WARN_BOOL_CONVERSION = YES;
				CLANG_WARN_COMMA = YES;
				CLANG_WARN_CONSTANT_CONVERSION = YES;
				CLANG_WARN_DEPRECATED_OBJC_IMPLEMENTATIONS = YES;
				CLANG_WARN_DIRECT_OBJC_ISA_USAGE = YES_ERROR;
				CLANG_WARN_DOCUMENTATION_COMMENTS = YES;
				CLANG_WARN_EMPTY_BODY = YES;
				CLANG_WARN_ENUM_CONVERSION = YES;
				CLANG_WARN_INFINITE_RECURSION = YES;
				CLANG_WARN_INT_CONVERSION = YES;
				CLANG_WARN_NON_LITERAL_NULL_CONVERSION = YES;
				CLANG_WARN_OBJC_IMPLICIT_RETAIN_SELF = YES;
				CLANG_WARN_OBJC_LITERAL_CONVERSION = YES;
				CLANG_WARN_OBJC_ROOT_CLASS = YES_ERROR;
				CLANG_WARN_QUOTED_INCLUDE_IN_FRAMEWORK_HEADER = YES;
				CLANG_WARN_RANGE_LOOP_ANALYSIS = YES;
				CLANG_WARN_STRICT_PROTOTYPES = YES;
				CLANG_WARN_SUSPICIOUS_MOVE = YES;
				CLANG_WARN_UNGUARDED_AVAILABILITY = YES_AGGRESSIVE;
				CLANG_WARN_UNREACHABLE_CODE = YES;
				CLANG_WARN__DUPLICATE_METHOD_MATCH = YES;
				COPY_PHASE_STRIP = NO;
				DEBUG_INFORMATION_FORMAT = "dwarf-with-dsym";
				ENABLE_NS_ASSERTIONS = NO;
				ENABLE_STRICT_OBJC_MSGSEND = YES;
				GCC_C_LANGUAGE_STANDARD = gnu11;
				GCC_NO_COMMON_BLOCKS = YES;
				GCC_WARN_64_TO_32_BIT_CONVERSION = YES;
				GCC_WARN_ABOUT_RETURN_TYPE = YES_ERROR;
				GCC_WARN_UNDECLARED_SELECTOR = YES;
				GCC_WARN_UNINITIALIZED_AUTOS = YES_AGGRESSIVE;
				GCC_WARN_UNUSED_FUNCTION = YES;
				GCC_WARN_UNUSED_VARIABLE = YES;
				IPHONEOS_DEPLOYMENT_TARGET = 15.4;
				MTL_ENABLE_DEBUG_INFO = NO;
				MTL_FAST_MATH = YES;
				SDKROOT = iphoneos;
				SWIFT_COMPILATION_MODE = wholemodule;
				SWIFT_OPTIMIZATION_LEVEL = "-O";
				VALIDATE_PRODUCT = YES;
			};
			name = Release;
		};
		59B4045D282241FD00A3262E /* Debug */ = {
			isa = XCBuildConfiguration;
			buildSettings = {
				ASSETCATALOG_COMPILER_APPICON_NAME = AppIcon;
				ASSETCATALOG_COMPILER_GLOBAL_ACCENT_COLOR_NAME = AccentColor;
				CODE_SIGN_STYLE = Automatic;
				CURRENT_PROJECT_VERSION = 1;
				DEVELOPMENT_TEAM = QPTD792UJB;
				GENERATE_INFOPLIST_FILE = YES;
				INFOPLIST_FILE = Unsplash_API/Environments/Info.plist;
				INFOPLIST_KEY_UIApplicationSupportsIndirectInputEvents = YES;
				INFOPLIST_KEY_UILaunchStoryboardName = LaunchScreen;
				INFOPLIST_KEY_UISupportedInterfaceOrientations_iPad = "UIInterfaceOrientationPortrait UIInterfaceOrientationPortraitUpsideDown UIInterfaceOrientationLandscapeLeft UIInterfaceOrientationLandscapeRight";
				INFOPLIST_KEY_UISupportedInterfaceOrientations_iPhone = "UIInterfaceOrientationPortrait UIInterfaceOrientationLandscapeLeft UIInterfaceOrientationLandscapeRight";
				LD_RUNPATH_SEARCH_PATHS = (
					"$(inherited)",
					"@executable_path/Frameworks",
				);
				MARKETING_VERSION = 1.0;
				PRODUCT_BUNDLE_IDENTIFIER = "VitaliySukhoroslov.Unsplash-API";
				PRODUCT_NAME = "$(TARGET_NAME)";
				SWIFT_EMIT_LOC_STRINGS = YES;
				SWIFT_VERSION = 5.0;
				TARGETED_DEVICE_FAMILY = 1;
			};
			name = Debug;
		};
		59B4045E282241FD00A3262E /* Release */ = {
			isa = XCBuildConfiguration;
			buildSettings = {
				ASSETCATALOG_COMPILER_APPICON_NAME = AppIcon;
				ASSETCATALOG_COMPILER_GLOBAL_ACCENT_COLOR_NAME = AccentColor;
				CODE_SIGN_STYLE = Automatic;
				CURRENT_PROJECT_VERSION = 1;
				DEVELOPMENT_TEAM = QPTD792UJB;
				GENERATE_INFOPLIST_FILE = YES;
				INFOPLIST_FILE = Unsplash_API/Environments/Info.plist;
				INFOPLIST_KEY_UIApplicationSupportsIndirectInputEvents = YES;
				INFOPLIST_KEY_UILaunchStoryboardName = LaunchScreen;
				INFOPLIST_KEY_UISupportedInterfaceOrientations_iPad = "UIInterfaceOrientationPortrait UIInterfaceOrientationPortraitUpsideDown UIInterfaceOrientationLandscapeLeft UIInterfaceOrientationLandscapeRight";
				INFOPLIST_KEY_UISupportedInterfaceOrientations_iPhone = "UIInterfaceOrientationPortrait UIInterfaceOrientationLandscapeLeft UIInterfaceOrientationLandscapeRight";
				LD_RUNPATH_SEARCH_PATHS = (
					"$(inherited)",
					"@executable_path/Frameworks",
				);
				MARKETING_VERSION = 1.0;
				PRODUCT_BUNDLE_IDENTIFIER = "VitaliySukhoroslov.Unsplash-API";
				PRODUCT_NAME = "$(TARGET_NAME)";
				SWIFT_EMIT_LOC_STRINGS = YES;
				SWIFT_VERSION = 5.0;
				TARGETED_DEVICE_FAMILY = 1;
			};
			name = Release;
		};
/* End XCBuildConfiguration section */

/* Begin XCConfigurationList section */
		59B40443282241FC00A3262E /* Build configuration list for PBXProject "Unsplash_API" */ = {
			isa = XCConfigurationList;
			buildConfigurations = (
				59B4045A282241FD00A3262E /* Debug */,
				59B4045B282241FD00A3262E /* Release */,
			);
			defaultConfigurationIsVisible = 0;
			defaultConfigurationName = Release;
		};
		59B4045C282241FD00A3262E /* Build configuration list for PBXNativeTarget "Unsplash_API" */ = {
			isa = XCConfigurationList;
			buildConfigurations = (
				59B4045D282241FD00A3262E /* Debug */,
				59B4045E282241FD00A3262E /* Release */,
			);
			defaultConfigurationIsVisible = 0;
			defaultConfigurationName = Release;
		};
/* End XCConfigurationList section */
	};
	rootObject = 59B40440282241FC00A3262E /* Project object */;
}
